
Microsoft Visual Studio Solution File, Format Version 12.00
# Visual Studio Version 17
VisualStudioVersion = 17.4.33213.308
MinimumVisualStudioVersion = 10.0.40219.1
Project("{FAE04EC0-301F-11D3-BF4B-00C04F79EFBC}") = "projetoMJM", "projetoMJM\projetoMJM.csproj", "{6B946BD8-7AFC-41C1-A88D-E756D39A57DC}"
EndProject
Global
	GlobalSection(SolutionConfigurationPlatforms) = preSolution
		Debug|Any CPU = Debug|Any CPU
		Release|Any CPU = Release|Any CPU
	EndGlobalSection
	GlobalSection(ProjectConfigurationPlatforms) = postSolution
		{6B946BD8-7AFC-41C1-A88D-E756D39A57DC}.Debug|Any CPU.ActiveCfg = Debug|Any CPU
		{6B946BD8-7AFC-41C1-A88D-E756D39A57DC}.Debug|Any CPU.Build.0 = Debug|Any CPU
		{6B946BD8-7AFC-41C1-A88D-E756D39A57DC}.Release|Any CPU.ActiveCfg = Release|Any CPU
		{6B946BD8-7AFC-41C1-A88D-E756D39A57DC}.Release|Any CPU.Build.0 = Release|Any CPU
	EndGlobalSection
	GlobalSection(SolutionProperties) = preSolution
		HideSolutionNode = FALSE
	EndGlobalSection
	GlobalSection(ExtensibilityGlobals) = postSolution
		SolutionGuid = {FFD0633F-D9D9-4E57-BC23-707C25EAC774}
	EndGlobalSection
EndGlobal
